PODS:
  - NKJMovieComposer (1.0.2)
  - NKJMultiMovieCaptureView (1.0.0)

DEPENDENCIES:
  - NKJMovieComposer (from `git@github.com:nakajijapan/NKJMovieComposer.git`)
  - NKJMultiMovieCaptureView (from `../`)

EXTERNAL SOURCES:
  NKJMovieComposer:
    :git: git@github.com:nakajijapan/NKJMovieComposer.git
  NKJMultiMovieCaptureView:
    :path: "../"

CHECKOUT OPTIONS:
  NKJMovieComposer:
    :commit: 20869d67582e8c6b4eaf903d00918ce9c08b1476
    :git: git@github.com:nakajijapan/NKJMovieComposer.git

SPEC CHECKSUMS:
  NKJMovieComposer: 0b6789d76a8673f3067252ae354f1784e95baad7
  NKJMultiMovieCaptureView: bb6003b629e6fc9a09885aaf74d17f1ebbe11efe

COCOAPODS: 0.38.2
