// !$*UTF8*$!
{
	archiveVersion = 1;
	classes = {
	};
	objectVersion = 46;
	objects = {

/* Begin PBXBuildFile section */
		DC0E41381C3149830090AC94 /* AppDelegate.swift in Sources */ = {isa = PBXBuildFile; fileRef = DC0E41371C3149830090AC94 /* AppDelegate.swift */; };
		DC0E413A1C3149830090AC94 /* ViewController.swift in Sources */ = {isa = PBXBuildFile; fileRef = DC0E41391C3149830090AC94 /* ViewController.swift */; };
		DC0E413D1C3149830090AC94 /* Main.storyboard in Resources */ = {isa = PBXBuildFile; fileRef = DC0E413B1C3149830090AC94 /* Main.storyboard */; };
		DC0E413F1C3149830090AC94 /* Assets.xcassets in Resources */ = {isa = PBXBuildFile; fileRef = DC0E413E1C3149830090AC94 /* Assets.xcassets */; };
		DC0E41421C3149830090AC94 /* LaunchScreen.storyboard in Resources */ = {isa = PBXBuildFile; fileRef = DC0E41401C3149830090AC94 /* LaunchScreen.storyboard */; };
		DC0E415A1C314BEB0090AC94 /* ConfirmViewController.swift in Sources */ = {isa = PBXBuildFile; fileRef = DC0E41581C314BEB0090AC94 /* ConfirmViewController.swift */; };
		DC0E415B1C314BEB0090AC94 /* LoadingImageView.swift in Sources */ = {isa = PBXBuildFile; fileRef = DC0E41591C314BEB0090AC94 /* LoadingImageView.swift */; };
		DC0E41871C3151E60090AC94 /* NKJMultiMovieCaptureView.framework in Frameworks */ = {isa = PBXBuildFile; fileRef = DC0E41821C314ED80090AC94 /* NKJMultiMovieCaptureView.framework */; };
		DC0E41881C3151E60090AC94 /* NKJMultiMovieCaptureView.framework in Embed Frameworks */ = {isa = PBXBuildFile; fileRef = DC0E41821C314ED80090AC94 /* NKJMultiMovieCaptureView.framework */; settings = {ATTRIBUTES = (CodeSignOnCopy, RemoveHeadersOnCopy, ); }; };
		DC0E418B1C31534D0090AC94 /* NKJMovieComposer.framework in Frameworks */ = {isa = PBXBuildFile; fileRef = DC0E418A1C31534D0090AC94 /* NKJMovieComposer.framework */; };
		DC0E418C1C31534D0090AC94 /* NKJMovieComposer.framework in Embed Frameworks */ = {isa = PBXBuildFile; fileRef = DC0E418A1C31534D0090AC94 /* NKJMovieComposer.framework */; settings = {ATTRIBUTES = (CodeSignOnCopy, RemoveHeadersOnCopy, ); }; };
/* End PBXBuildFile section */

/* Begin PBXCopyFilesBuildPhase section */
		DC0E41891C3151E60090AC94 /* Embed Frameworks */ = {
			isa = PBXCopyFilesBuildPhase;
			buildActionMask = 2147483647;
			dstPath = "";
			dstSubfolderSpec = 10;
			files = (
				DC0E41881C3151E60090AC94 /* NKJMultiMovieCaptureView.framework in Embed Frameworks */,
				DC0E418C1C31534D0090AC94 /* NKJMovieComposer.framework in Embed Frameworks */,
			);
			name = "Embed Frameworks";
			runOnlyForDeploymentPostprocessing = 0;
		};
/* End PBXCopyFilesBuildPhase section */

/* Begin PBXFileReference section */
		DC0E41341C3149830090AC94 /* NKJMultiMovieCaptureViewDemo.app */ = {isa = PBXFileReference; explicitFileType = wrapper.application; includeInIndex = 0; path = NKJMultiMovieCaptureViewDemo.app; sourceTree = BUILT_PRODUCTS_DIR; };
		DC0E41371C3149830090AC94 /* AppDelegate.swift */ = {isa = PBXFileReference; lastKnownFileType = sourcecode.swift; path = AppDelegate.swift; sourceTree = "<group>"; };
		DC0E41391C3149830090AC94 /* ViewController.swift */ = {isa = PBXFileReference; lastKnownFileType = sourcecode.swift; path = ViewController.swift; sourceTree = "<group>"; };
		DC0E413C1C3149830090AC94 /* Base */ = {isa = PBXFileReference; lastKnownFileType = file.storyboard; name = Base; path = Base.lproj/Main.storyboard; sourceTree = "<group>"; };
		DC0E413E1C3149830090AC94 /* Assets.xcassets */ = {isa = PBXFileReference; lastKnownFileType = folder.assetcatalog; path = Assets.xcassets; sourceTree = "<group>"; };
		DC0E41411C3149830090AC94 /* Base */ = {isa = PBXFileReference; lastKnownFileType = file.storyboard; name = Base; path = Base.lproj/LaunchScreen.storyboard; sourceTree = "<group>"; };
		DC0E41431C3149830090AC94 /* Info.plist */ = {isa = PBXFileReference; lastKnownFileType = text.plist.xml; path = Info.plist; sourceTree = "<group>"; };
		DC0E41581C314BEB0090AC94 /* ConfirmViewController.swift */ = {isa = PBXFileReference; fileEncoding = 4; lastKnownFileType = sourcecode.swift; path = ConfirmViewController.swift; sourceTree = "<group>"; };
		DC0E41591C314BEB0090AC94 /* LoadingImageView.swift */ = {isa = PBXFileReference; fileEncoding = 4; lastKnownFileType = sourcecode.swift; path = LoadingImageView.swift; sourceTree = "<group>"; };
		DC0E41821C314ED80090AC94 /* NKJMultiMovieCaptureView.framework */ = {isa = PBXFileReference; explicitFileType = wrapper.framework; name = NKJMultiMovieCaptureView.framework; path = "/Users/nakajijapan/Library/Developer/Xcode/DerivedData/NKJMultiMovieCaptureView-dfrlfidgdodryagdnckvftnxayml/Build/Products/Debug-iphoneos/NKJMultiMovieCaptureView.framework"; sourceTree = "<absolute>"; };
		DC0E418A1C31534D0090AC94 /* NKJMovieComposer.framework */ = {isa = PBXFileReference; explicitFileType = wrapper.framework; name = NKJMovieComposer.framework; path = "/Users/nakajijapan/Library/Developer/Xcode/DerivedData/NKJMultiMovieCaptureView-dfrlfidgdodryagdnckvftnxayml/Build/Products/Debug-iphoneos/NKJMovieComposer.framework"; sourceTree = "<absolute>"; };
/* End PBXFileReference section */

/* Begin PBXFrameworksBuildPhase section */
		DC0E41311C3149830090AC94 /* Frameworks */ = {
			isa = PBXFrameworksBuildPhase;
			buildActionMask = 2147483647;
			files = (
				DC0E41871C3151E60090AC94 /* NKJMultiMovieCaptureView.framework in Frameworks */,
				DC0E418B1C31534D0090AC94 /* NKJMovieComposer.framework in Frameworks */,
			);
			runOnlyForDeploymentPostprocessing = 0;
		};
/* End PBXFrameworksBuildPhase section */

/* Begin PBXGroup section */
		DC0E412B1C3149830090AC94 = {
			isa = PBXGroup;
			children = (
				DC0E418A1C31534D0090AC94 /* NKJMovieComposer.framework */,
				DC0E41361C3149830090AC94 /* NKJMultiMovieCaptureViewDemo */,
				DC0E41351C3149830090AC94 /* Products */,
				DC0E41861C314EEE0090AC94 /* Frameworks */,
			);
			sourceTree = "<group>";
		};
		DC0E41351C3149830090AC94 /* Products */ = {
			isa = PBXGroup;
			children = (
				DC0E41341C3149830090AC94 /* NKJMultiMovieCaptureViewDemo.app */,
			);
			name = Products;
			sourceTree = "<group>";
		};
		DC0E41361C3149830090AC94 /* NKJMultiMovieCaptureViewDemo */ = {
			isa = PBXGroup;
			children = (
				DC0E41371C3149830090AC94 /* AppDelegate.swift */,
				DC0E41391C3149830090AC94 /* ViewController.swift */,
				DC0E41581C314BEB0090AC94 /* ConfirmViewController.swift */,
				DC0E41591C314BEB0090AC94 /* LoadingImageView.swift */,
				DC0E413B1C3149830090AC94 /* Main.storyboard */,
				DC0E413E1C3149830090AC94 /* Assets.xcassets */,
				DC0E41401C3149830090AC94 /* LaunchScreen.storyboard */,
				DC0E41431C3149830090AC94 /* Info.plist */,
			);
			path = NKJMultiMovieCaptureViewDemo;
			sourceTree = "<group>";
		};
		DC0E41861C314EEE0090AC94 /* Frameworks */ = {
			isa = PBXGroup;
			children = (
				DC0E41821C314ED80090AC94 /* NKJMultiMovieCaptureView.framework */,
			);
			name = Frameworks;
			sourceTree = "<group>";
		};
/* End PBXGroup section */

/* Begin PBXNativeTarget section */
		DC0E41331C3149830090AC94 /* NKJMultiMovieCaptureViewDemo */ = {
			isa = PBXNativeTarget;
			buildConfigurationList = DC0E41461C3149830090AC94 /* Build configuration list for PBXNativeTarget "NKJMultiMovieCaptureViewDemo" */;
			buildPhases = (
				DC0E41301C3149830090AC94 /* Sources */,
				DC0E41311C3149830090AC94 /* Frameworks */,
				DC0E41321C3149830090AC94 /* Resources */,
				DC0E41891C3151E60090AC94 /* Embed Frameworks */,
			);
			buildRules = (
			);
			dependencies = (
			);
			name = NKJMultiMovieCaptureViewDemo;
			productName = NKJMultiMovieCaptureViewDemo;
			productReference = DC0E41341C3149830090AC94 /* NKJMultiMovieCaptureViewDemo.app */;
			productType = "com.apple.product-type.application";
		};
/* End PBXNativeTarget section */

/* Begin PBXProject section */
		DC0E412C1C3149830090AC94 /* Project object */ = {
			isa = PBXProject;
			attributes = {
				LastSwiftUpdateCheck = 0720;
				LastUpgradeCheck = 0720;
				ORGANIZATIONNAME = nakajijapan;
				TargetAttributes = {
					DC0E41331C3149830090AC94 = {
						CreatedOnToolsVersion = 7.2;
					};
				};
			};
			buildConfigurationList = DC0E412F1C3149830090AC94 /* Build configuration list for PBXProject "NKJMultiMovieCaptureViewDemo" */;
			compatibilityVersion = "Xcode 3.2";
			developmentRegion = English;
			hasScannedForEncodings = 0;
			knownRegions = (
				en,
				Base,
			);
			mainGroup = DC0E412B1C3149830090AC94;
			productRefGroup = DC0E41351C3149830090AC94 /* Products */;
			projectDirPath = "";
			projectRoot = "";
			targets = (
				DC0E41331C3149830090AC94 /* NKJMultiMovieCaptureViewDemo */,
			);
		};
/* End PBXProject section */

/* Begin PBXResourcesBuildPhase section */
		DC0E41321C3149830090AC94 /* Resources */ = {
			isa = PBXResourcesBuildPhase;
			buildActionMask = 2147483647;
			files = (
				DC0E41421C3149830090AC94 /* LaunchScreen.storyboard in Resources */,
				DC0E413F1C3149830090AC94 /* Assets.xcassets in Resources */,
				DC0E413D1C3149830090AC94 /* Main.storyboard in Resources */,
			);
			runOnlyForDeploymentPostprocessing = 0;
		};
/* End PBXResourcesBuildPhase section */

/* Begin PBXSourcesBuildPhase section */
		DC0E41301C3149830090AC94 /* Sources */ = {
			isa = PBXSourcesBuildPhase;
			buildActionMask = 2147483647;
			files = (
				DC0E415A1C314BEB0090AC94 /* ConfirmViewController.swift in Sources */,
				DC0E415B1C314BEB0090AC94 /* LoadingImageView.swift in Sources */,
				DC0E413A1C3149830090AC94 /* ViewController.swift in Sources */,
				DC0E41381C3149830090AC94 /* AppDelegate.swift in Sources */,
			);
			runOnlyForDeploymentPostprocessing = 0;
		};
/* End PBXSourcesBuildPhase section */

/* Begin PBXVariantGroup section */
		DC0E413B1C3149830090AC94 /* Main.storyboard */ = {
			isa = PBXVariantGroup;
			children = (
				DC0E413C1C3149830090AC94 /* Base */,
			);
			name = Main.storyboard;
			sourceTree = "<group>";
		};
		DC0E41401C3149830090AC94 /* LaunchScreen.storyboard */ = {
			isa = PBXVariantGroup;
			children = (
				DC0E41411C3149830090AC94 /* Base */,
			);
			name = LaunchScreen.storyboard;
			sourceTree = "<group>";
		};
/* End PBXVariantGroup section */

/* Begin XCBuildConfiguration section */
		DC0E41441C3149830090AC94 /* Debug */ = {
			isa = XCBuildConfiguration;
			buildSettings = {
				ALWAYS_SEARCH_USER_PATHS = NO;
				CLANG_CXX_LANGUAGE_STANDARD = "gnu++0x";
				CLANG_CXX_LIBRARY = "libc++";
				CLANG_ENABLE_MODULES = YES;
				CLANG_ENABLE_OBJC_ARC = YES;
				CLANG_WARN_BOOL_CONVERSION = YES;
				CLANG_WARN_CONSTANT_CONVERSION = YES;
				CLANG_WARN_DIRECT_OBJC_ISA_USAGE = YES_ERROR;
				CLANG_WARN_EMPTY_BODY = YES;
				CLANG_WARN_ENUM_CONVERSION = YES;
				CLANG_WARN_INT_CONVERSION = YES;
				CLANG_WARN_OBJC_ROOT_CLASS = YES_ERROR;
				CLANG_WARN_UNREACHABLE_CODE = YES;
				CLANG_WARN__DUPLICATE_METHOD_MATCH = YES;
				"CODE_SIGN_IDENTITY[sdk=iphoneos*]" = "iPhone Developer";
				COPY_PHASE_STRIP = NO;
				DEBUG_INFORMATION_FORMAT = dwarf;
				ENABLE_STRICT_OBJC_MSGSEND = YES;
				ENABLE_TESTABILITY = YES;
				GCC_C_LANGUAGE_STANDARD = gnu99;
				GCC_DYNAMIC_NO_PIC = NO;
				GCC_NO_COMMON_BLOCKS = YES;
				GCC_OPTIMIZATION_LEVEL = 0;
				GCC_PREPROCESSOR_DEFINITIONS = (
					"DEBUG=1",
					"$(inherited)",
				);
				GCC_WARN_64_TO_32_BIT_CONVERSION = YES;
				GCC_WARN_ABOUT_RETURN_TYPE = YES_ERROR;
				GCC_WARN_UNDECLARED_SELECTOR = YES;
				GCC_WARN_UNINITIALIZED_AUTOS = YES_AGGRESSIVE;
				GCC_WARN_UNUSED_FUNCTION = YES;
				GCC_WARN_UNUSED_VARIABLE = YES;
				IPHONEOS_DEPLOYMENT_TARGET = 9.2;
				MTL_ENABLE_DEBUG_INFO = YES;
				ONLY_ACTIVE_ARCH = YES;
				SDKROOT = iphoneos;
				SWIFT_OPTIMIZATION_LEVEL = "-Onone";
			};
			name = Debug;
		};
		DC0E41451C3149830090AC94 /* Release */ = {
			isa = XCBuildConfiguration;
			buildSettings = {
				ALWAYS_SEARCH_USER_PATHS = NO;
				CLANG_CXX_LANGUAGE_STANDARD = "gnu++0x";
				CLANG_CXX_LIBRARY = "libc++";
				CLANG_ENABLE_MODULES = YES;
				CLANG_ENABLE_OBJC_ARC = YES;
				CLANG_WARN_BOOL_CONVERSION = YES;
				CLANG_WARN_CONSTANT_CONVERSION = YES;
				CLANG_WARN_DIRECT_OBJC_ISA_USAGE = YES_ERROR;
				CLANG_WARN_EMPTY_BODY = YES;
				CLANG_WARN_ENUM_CONVERSION = YES;
				CLANG_WARN_INT_CONVERSION = YES;
				CLANG_WARN_OBJC_ROOT_CLASS = YES_ERROR;
				CLANG_WARN_UNREACHABLE_CODE = YES;
				CLANG_WARN__DUPLICATE_METHOD_MATCH = YES;
				"CODE_SIGN_IDENTITY[sdk=iphoneos*]" = "iPhone Developer";
				COPY_PHASE_STRIP = NO;
				DEBUG_INFORMATION_FORMAT = "dwarf-with-dsym";
				ENABLE_NS_ASSERTIONS = NO;
				ENABLE_STRICT_OBJC_MSGSEND = YES;
				GCC_C_LANGUAGE_STANDARD = gnu99;
				GCC_NO_COMMON_BLOCKS = YES;
				GCC_WARN_64_TO_32_BIT_CONVERSION = YES;
				GCC_WARN_ABOUT_RETURN_TYPE = YES_ERROR;
				GCC_WARN_UNDECLARED_SELECTOR = YES;
				GCC_WARN_UNINITIALIZED_AUTOS = YES_AGGRESSIVE;
				GCC_WARN_UNUSED_FUNCTION = YES;
				GCC_WARN_UNUSED_VARIABLE = YES;
				IPHONEOS_DEPLOYMENT_TARGET = 9.2;
				MTL_ENABLE_DEBUG_INFO = NO;
				SDKROOT = iphoneos;
				VALIDATE_PRODUCT = YES;
			};
			name = Release;
		};
		DC0E41471C3149830090AC94 /* Debug */ = {
			isa = XCBuildConfiguration;
			buildSettings = {
				ASSETCATALOG_COMPILER_APPICON_NAME = AppIcon;
				INFOPLIST_FILE = NKJMultiMovieCaptureViewDemo/Info.plist;
				LD_RUNPATH_SEARCH_PATHS = "$(inherited) @executable_path/Frameworks";
				PRODUCT_BUNDLE_IDENTIFIER = net.nakajijapan.NKJMultiMovieCaptureViewDemo;
				PRODUCT_NAME = "$(TARGET_NAME)";
			};
			name = Debug;
		};
		DC0E41481C3149830090AC94 /* Release */ = {
			isa = XCBuildConfiguration;
			buildSettings = {
				ASSETCATALOG_COMPILER_APPICON_NAME = AppIcon;
				INFOPLIST_FILE = NKJMultiMovieCaptureViewDemo/Info.plist;
				LD_RUNPATH_SEARCH_PATHS = "$(inherited) @executable_path/Frameworks";
				PRODUCT_BUNDLE_IDENTIFIER = net.nakajijapan.NKJMultiMovieCaptureViewDemo;
				PRODUCT_NAME = "$(TARGET_NAME)";
			};
			name = Release;
		};
/* End XCBuildConfiguration section */

/* Begin XCConfigurationList section */
		DC0E412F1C3149830090AC94 /* Build configuration list for PBXProject "NKJMultiMovieCaptureViewDemo" */ = {
			isa = XCConfigurationList;
			buildConfigurations = (
				DC0E41441C3149830090AC94 /* Debug */,
				DC0E41451C3149830090AC94 /* Release */,
			);
			defaultConfigurationIsVisible = 0;
			defaultConfigurationName = Release;
		};
		DC0E41461C3149830090AC94 /* Build configuration list for PBXNativeTarget "NKJMultiMovieCaptureViewDemo" */ = {
			isa = XCConfigurationList;
			buildConfigurations = (
				DC0E41471C3149830090AC94 /* Debug */,
				DC0E41481C3149830090AC94 /* Release */,
			);
			defaultConfigurationIsVisible = 0;
			defaultConfigurationName = Release;
		};
/* End XCConfigurationList section */
	};
	rootObject = DC0E412C1C3149830090AC94 /* Project object */;
}
